# This file is auto-generated by Harn. Do not edit.

version = 5
generator_version = "0.10.97"
protocol_artifact_version = "0.10.97"

[[package]]
name = "harn-github-connector"
source = "git+https://github.com/burin-labs/harn-github-connector"
tag = "v0.8.5"
rev_request = "v0.8.5"
commit = "9af138b0b81b8a0acad46a2f0cb43da7eaaed255"
content_hash = "sha256-v2:716cca227887ffe181c46003b3a52967a2e273214d6da77e530499325391b9ed"
package_version = "0.8.5"
harn_compat = ">=0.10.53,<0.11"
manifest_digest = "sha256:92cf9b71c1fd20cf598a5a9cf0ad1b9e1e1fb9ddbf37caef03f268ac8a1cf12d"

[[package.exports.modules]]
name = "default"
path = "src/facade.harn"

[[package.exports.modules]]
name = "publish"
path = "src/publish_cli.harn"

[[package.exports.modules]]
name = "worktree"
path = "src/worktree_commit.harn"
