# This file is auto-generated by Harn. Do not edit.

version = 4
generator_version = "0.10.42"
protocol_artifact_version = "0.10.42"

[[package]]
name = "harn-github-connector"
source = "git+https://github.com/burin-labs/harn-github-connector"
tag = "v0.6.3"
rev_request = "v0.6.3"
commit = "90a77ba2e0186c87fe1074f13fef31d202ba9b38"
content_hash = "sha256:c1179a9598eafd46f6dfeddf911b83a07135ecb31b5d323bdce86ea402d484fc"
package_version = "0.6.3"
harn_compat = ">=0.10,<0.11"
manifest_digest = "sha256:ae446393788be5232c708d94707cfd3e9ec7947d281a91981d054c6833fb92b1"

[[package.exports.modules]]
name = "default"
path = "src/lib.harn"

[[package.exports.modules]]
name = "publish"
path = "src/publish_cli.harn"

[[package.exports.modules]]
name = "worktree"
path = "src/worktree_commit.harn"
