# This file is auto-generated by Harn. Do not edit.

version = 5
generator_version = "0.10.55"
protocol_artifact_version = "0.10.55"

[[package]]
name = "harn-github-connector"
source = "git+https://github.com/burin-labs/harn-github-connector"
tag = "v0.8.1"
rev_request = "v0.8.1"
commit = "a98051c7c18032c3e25be7694993cc8c1f4aa32b"
content_hash = "sha256-v2:7dbcba8971e9e1b04af37bfd4c59681e2828b9ba19d49698f644ba9574aed8e9"
package_version = "0.8.1"
harn_compat = ">=0.10.53,<0.11"
manifest_digest = "sha256:520f03c33c56efe22c4385ae1549b57d293353ac672fd2b183fb2586eb1aa7e2"

[[package.exports.modules]]
name = "default"
path = "src/facade.harn"

[[package.exports.modules]]
name = "publish"
path = "src/publish_cli.harn"

[[package.exports.modules]]
name = "worktree"
path = "src/worktree_commit.harn"
